
Microsoft Visual Studio Solution File, Format Version 12.00
# Visual Studio 15
VisualStudioVersion = 15.0.27130.2024
MinimumVisualStudioVersion = 10.0.40219.1
Project("{9A19103F-16F7-4668-BE54-9A1E7A4F7556}") = "gymNotebook.Api", "gymNotebook.Api\gymNotebook.Api.csproj", "{666DBB64-96E9-482B-8334-492617DE0553}"
EndProject
Project("{9A19103F-16F7-4668-BE54-9A1E7A4F7556}") = "gymNotebook.Core", "gymNotebook.Core\gymNotebook.Core.csproj", "{64590535-FF4A-4239-BD4A-F9795A31BB08}"
EndProject
Project("{9A19103F-16F7-4668-BE54-9A1E7A4F7556}") = "gymNotebook.Infrastructure", "gymNotebook.Infrastructure\gymNotebook.Infrastructure.csproj", "{18B17D52-E9C6-4BC7-8EC0-1698E2E9C853}"
EndProject
Project("{2150E333-8FDC-42A3-9474-1A3956D46DE8}") = "Scripts", "Scripts", "{1117D058-A9EE-4AC9-A2CD-E1BA7B1FBCA3}"
	ProjectSection(SolutionItems) = preProject
		database.sql = database.sql
	EndProjectSection
EndProject
Project("{FAE04EC0-301F-11D3-BF4B-00C04F79EFBC}") = "gymNotebook.Tests.EndToEnd", "gymNotebook.Tests.EndToEnd\gymNotebook.Tests.EndToEnd.csproj", "{7C20F521-3962-4B9C-B16D-BE58FC014B67}"
EndProject
Global
	GlobalSection(SolutionConfigurationPlatforms) = preSolution
		Debug|Any CPU = Debug|Any CPU
		Release|Any CPU = Release|Any CPU
	EndGlobalSection
	GlobalSection(ProjectConfigurationPlatforms) = postSolution
		{666DBB64-96E9-482B-8334-492617DE0553}.Debug|Any CPU.ActiveCfg = Debug|Any CPU
		{666DBB64-96E9-482B-8334-492617DE0553}.Debug|Any CPU.Build.0 = Debug|Any CPU
		{666DBB64-96E9-482B-8334-492617DE0553}.Release|Any CPU.ActiveCfg = Release|Any CPU
		{666DBB64-96E9-482B-8334-492617DE0553}.Release|Any CPU.Build.0 = Release|Any CPU
		{64590535-FF4A-4239-BD4A-F9795A31BB08}.Debug|Any CPU.ActiveCfg = Debug|Any CPU
		{64590535-FF4A-4239-BD4A-F9795A31BB08}.Debug|Any CPU.Build.0 = Debug|Any CPU
		{64590535-FF4A-4239-BD4A-F9795A31BB08}.Release|Any CPU.ActiveCfg = Release|Any CPU
		{64590535-FF4A-4239-BD4A-F9795A31BB08}.Release|Any CPU.Build.0 = Release|Any CPU
		{18B17D52-E9C6-4BC7-8EC0-1698E2E9C853}.Debug|Any CPU.ActiveCfg = Debug|Any CPU
		{18B17D52-E9C6-4BC7-8EC0-1698E2E9C853}.Debug|Any CPU.Build.0 = Debug|Any CPU
		{18B17D52-E9C6-4BC7-8EC0-1698E2E9C853}.Release|Any CPU.ActiveCfg = Release|Any CPU
		{18B17D52-E9C6-4BC7-8EC0-1698E2E9C853}.Release|Any CPU.Build.0 = Release|Any CPU
		{7C20F521-3962-4B9C-B16D-BE58FC014B67}.Debug|Any CPU.ActiveCfg = Debug|Any CPU
		{7C20F521-3962-4B9C-B16D-BE58FC014B67}.Debug|Any CPU.Build.0 = Debug|Any CPU
		{7C20F521-3962-4B9C-B16D-BE58FC014B67}.Release|Any CPU.ActiveCfg = Release|Any CPU
		{7C20F521-3962-4B9C-B16D-BE58FC014B67}.Release|Any CPU.Build.0 = Release|Any CPU
	EndGlobalSection
	GlobalSection(SolutionProperties) = preSolution
		HideSolutionNode = FALSE
	EndGlobalSection
	GlobalSection(ExtensibilityGlobals) = postSolution
		SolutionGuid = {D7DA1DFD-8EDF-4B11-95DB-B76CBB31DCFD}
	EndGlobalSection
EndGlobal
